{
  "name": "server",
  "lockfileVersion": 3,
  "requires": true,
  "packages": {
    "": {
      "dependencies": {
        "metrics-os": "^1.0.1",
        "os-utils": "^0.0.14",
        "systeminformation": "^5.23.5"
      }
    },
    "node_modules/metrics-os": {
      "version": "1.0.1",
      "resolved": "https://repo.huaweicloud.com/repository/npm/metrics-os/-/metrics-os-1.0.1.tgz",
      "integrity": "sha512-duVo5pnbqzQScSTwNctxeBJyxsShnS0+81xXRhLVMm6pAQF194IGtXtBFjuDoUBeca/GIkrpO4ePxnQbgLVCEQ==",
      "engines": {
        "node": ">= 0.10.0"
      }
    },
    "node_modules/os-utils": {
      "version": "0.0.14",
      "resolved": "https://repo.huaweicloud.com/repository/npm/os-utils/-/os-utils-0.0.14.tgz",
      "integrity": "sha512-ajB8csaHLBvJOYsHJkp8YdO2FvlBbf/ZxaYQwXXRDyQ84UoE+uTuLXxqd0shekXMX6Qr/pt/DDyLMRAMsgfWzg==",
      "license": "MIT",
      "engines": {
        "node": "*"
      }
    },
    "node_modules/systeminformation": {
      "version": "5.23.5",
      "resolved": "https://repo.huaweicloud.com/repository/npm/systeminformation/-/systeminformation-5.23.5.tgz",
      "integrity": "sha512-PEpJwhRYxZgBCAlWZhWIgfMTjXLqfcaZ1pJsJn9snWNfBW/Z1YQg1mbIUSWrEV3ErAHF7l/OoVLQeaZDlPzkpA==",
      "license": "MIT",
      "os": [
        "darwin",
        "linux",
        "win32",
        "freebsd",
        "openbsd",
        "netbsd",
        "sunos",
        "android"
      ],
      "bin": {
        "systeminformation": "lib/cli.js"
      },
      "engines": {
        "node": ">=8.0.0"
      },
      "funding": {
        "type": "Buy me a coffee",
        "url": "https://www.buymeacoffee.com/systeminfo"
      }
    }
  }
}
